// !$*UTF8*$!
{
	archiveVersion = 1;
	classes = {
	};
	objectVersion = 46;
	objects = {

/* Begin PBXBuildFile section */
		1E04151B193A62B30036C426 /* Default-568h@2x.png in Resources */ = {isa = PBXBuildFile; fileRef = 1E04151A193A62B30036C426 /* Default-568h@2x.png */; };
		1E04151F193A77FA0036C426 /* Icon29@2x.png in Resources */ = {isa = PBXBuildFile; fileRef = 1E04151C193A77FA0036C426 /* Icon29@2x.png */; };
		1E041520193A77FA0036C426 /* Icon40@2x.png in Resources */ = {isa = PBXBuildFile; fileRef = 1E04151D193A77FA0036C426 /* Icon40@2x.png */; };
		1E041521193A77FA0036C426 /* Icon60@2x.png in Resources */ = {isa = PBXBuildFile; fileRef = 1E04151E193A77FA0036C426 /* Icon60@2x.png */; };
		1E041525193A79E50036C426 /* arrow@2x.png in Resources */ = {isa = PBXBuildFile; fileRef = 1E041524193A79E50036C426 /* arrow@2x.png */; };
		1E04152C193A7AC60036C426 /* btn_gray.png in Resources */ = {isa = PBXBuildFile; fileRef = 1E04152A193A7AC60036C426 /* btn_gray.png */; };
		1E04152D193A7AC60036C426 /* btn_gray@2x.png in Resources */ = {isa = PBXBuildFile; fileRef = 1E04152B193A7AC60036C426 /* btn_gray@2x.png */; };
		1E25CE6619352D62009089AC /* Foundation.framework in Frameworks */ = {isa = PBXBuildFile; fileRef = 1E25CE6519352D62009089AC /* Foundation.framework */; };
		1E25CE6819352D62009089AC /* CoreGraphics.framework in Frameworks */ = {isa = PBXBuildFile; fileRef = 1E25CE6719352D62009089AC /* CoreGraphics.framework */; };
		1E25CE6A19352D62009089AC /* UIKit.framework in Frameworks */ = {isa = PBXBuildFile; fileRef = 1E25CE6919352D62009089AC /* UIKit.framework */; };
		1E25CE7019352D62009089AC /* InfoPlist.strings in Resources */ = {isa = PBXBuildFile; fileRef = 1E25CE6E19352D62009089AC /* InfoPlist.strings */; };
		1E25CE7219352D62009089AC /* main.m in Sources */ = {isa = PBXBuildFile; fileRef = 1E25CE7119352D62009089AC /* main.m */; };
		1E25CE7619352D62009089AC /* UCAppDelegate.m in Sources */ = {isa = PBXBuildFile; fileRef = 1E25CE7519352D62009089AC /* UCAppDelegate.m */; };
		1E25CE7919352D62009089AC /* Main.storyboard in Resources */ = {isa = PBXBuildFile; fileRef = 1E25CE7719352D62009089AC /* Main.storyboard */; };
		1E25CE7C19352D62009089AC /* UCViewController.m in Sources */ = {isa = PBXBuildFile; fileRef = 1E25CE7B19352D62009089AC /* UCViewController.m */; };
		1E25CE7E19352D62009089AC /* Images.xcassets in Resources */ = {isa = PBXBuildFile; fileRef = 1E25CE7D19352D62009089AC /* Images.xcassets */; };
		1E25CE8519352D62009089AC /* XCTest.framework in Frameworks */ = {isa = PBXBuildFile; fileRef = 1E25CE8419352D62009089AC /* XCTest.framework */; };
		1E25CE8619352D62009089AC /* Foundation.framework in Frameworks */ = {isa = PBXBuildFile; fileRef = 1E25CE6519352D62009089AC /* Foundation.framework */; };
		1E25CE8719352D62009089AC /* UIKit.framework in Frameworks */ = {isa = PBXBuildFile; fileRef = 1E25CE6919352D62009089AC /* UIKit.framework */; };
		1E25CE8F19352D62009089AC /* InfoPlist.strings in Resources */ = {isa = PBXBuildFile; fileRef = 1E25CE8D19352D62009089AC /* InfoPlist.strings */; };
		1E25CE9119352D62009089AC /* UnitConverterTests.m in Sources */ = {isa = PBXBuildFile; fileRef = 1E25CE9019352D62009089AC /* UnitConverterTests.m */; };
		1E25CE9E19353013009089AC /* btn_invert.png in Resources */ = {isa = PBXBuildFile; fileRef = 1E25CE9A19353013009089AC /* btn_invert.png */; };
		1E25CE9F19353013009089AC /* btn_invert@2x.png in Resources */ = {isa = PBXBuildFile; fileRef = 1E25CE9B19353013009089AC /* btn_invert@2x.png */; };
		1E25CEA019353013009089AC /* btn.png in Resources */ = {isa = PBXBuildFile; fileRef = 1E25CE9C19353013009089AC /* btn.png */; };
		1E25CEA119353013009089AC /* btn@2x.png in Resources */ = {isa = PBXBuildFile; fileRef = 1E25CE9D19353013009089AC /* btn@2x.png */; };
		1E25CEA519353239009089AC /* UnitViewController.m in Sources */ = {isa = PBXBuildFile; fileRef = 1E25CEA419353239009089AC /* UnitViewController.m */; };
		1E25CEA8193541FA009089AC /* ConversionViewController.m in Sources */ = {isa = PBXBuildFile; fileRef = 1E25CEA7193541FA009089AC /* ConversionViewController.m */; };
		1E25CEAD19354C6F009089AC /* nejo_color.png in Resources */ = {isa = PBXBuildFile; fileRef = 1E25CEA919354C6F009089AC /* nejo_color.png */; };
		1E25CEAE19354C6F009089AC /* nejo_color@2x.png in Resources */ = {isa = PBXBuildFile; fileRef = 1E25CEAA19354C6F009089AC /* nejo_color@2x.png */; };
		1E25CEAF19354C6F009089AC /* nejo.png in Resources */ = {isa = PBXBuildFile; fileRef = 1E25CEAB19354C6F009089AC /* nejo.png */; };
		1E25CEB019354C6F009089AC /* nejo@2x.png in Resources */ = {isa = PBXBuildFile; fileRef = 1E25CEAC19354C6F009089AC /* nejo@2x.png */; };
		1E25CEB219354F7E009089AC /* iAd.framework in Frameworks */ = {isa = PBXBuildFile; fileRef = 1E25CEB119354F7E009089AC /* iAd.framework */; };
		1E25CEB719355CA5009089AC /* back_hi.png in Resources */ = {isa = PBXBuildFile; fileRef = 1E25CEB319355CA5009089AC /* back_hi.png */; };
		1E25CEB819355CA5009089AC /* back_hi@2x.png in Resources */ = {isa = PBXBuildFile; fileRef = 1E25CEB419355CA5009089AC /* back_hi@2x.png */; };
		1E25CEB919355CA5009089AC /* back.png in Resources */ = {isa = PBXBuildFile; fileRef = 1E25CEB519355CA5009089AC /* back.png */; };
		1E25CEBA19355CA5009089AC /* back@2x.png in Resources */ = {isa = PBXBuildFile; fileRef = 1E25CEB619355CA5009089AC /* back@2x.png */; };
		1E2DB0A019362CD90066E220 /* Calculator.m in Sources */ = {isa = PBXBuildFile; fileRef = 1E2DB09F19362CD90066E220 /* Calculator.m */; };
		1EA17396194746C50013E1D6 /* QuartzCore.framework in Frameworks */ = {isa = PBXBuildFile; fileRef = 1EA17395194746C50013E1D6 /* QuartzCore.framework */; };
		1EE2AD8519388AB600614448 /* arrow.png in Resources */ = {isa = PBXBuildFile; fileRef = 1EE2AD8419388AB600614448 /* arrow.png */; };
		1EE2AD891938938A00614448 /* Default@2x.png in Resources */ = {isa = PBXBuildFile; fileRef = 1EE2AD871938938A00614448 /* Default@2x.png */; };
/* End PBXBuildFile section */

/* Begin PBXContainerItemProxy section */
		1E25CE8819352D62009089AC /* PBXContainerItemProxy */ = {
			isa = PBXContainerItemProxy;
			containerPortal = 1E25CE5A19352D62009089AC /* Project object */;
			proxyType = 1;
			remoteGlobalIDString = 1E25CE6119352D62009089AC;
			remoteInfo = UnitConverter;
		};
/* End PBXContainerItemProxy section */

/* Begin PBXFileReference section */
		1E04151A193A62B30036C426 /* Default-568h@2x.png */ = {isa = PBXFileReference; lastKnownFileType = image.png; path = "Default-568h@2x.png"; sourceTree = "<group>"; };
		1E04151C193A77FA0036C426 /* Icon29@2x.png */ = {isa = PBXFileReference; lastKnownFileType = image.png; path = "Icon29@2x.png"; sourceTree = "<group>"; };
		1E04151D193A77FA0036C426 /* Icon40@2x.png */ = {isa = PBXFileReference; lastKnownFileType = image.png; path = "Icon40@2x.png"; sourceTree = "<group>"; };
		1E04151E193A77FA0036C426 /* Icon60@2x.png */ = {isa = PBXFileReference; lastKnownFileType = image.png; path = "Icon60@2x.png"; sourceTree = "<group>"; };
		1E041524193A79E50036C426 /* arrow@2x.png */ = {isa = PBXFileReference; lastKnownFileType = image.png; path = "arrow@2x.png"; sourceTree = "<group>"; };
		1E04152A193A7AC60036C426 /* btn_gray.png */ = {isa = PBXFileReference; lastKnownFileType = image.png; path = btn_gray.png; sourceTree = "<group>"; };
		1E04152B193A7AC60036C426 /* btn_gray@2x.png */ = {isa = PBXFileReference; lastKnownFileType = image.png; path = "btn_gray@2x.png"; sourceTree = "<group>"; };
		1E25CE6219352D62009089AC /* UnitConverter.app */ = {isa = PBXFileReference; explicitFileType = wrapper.application; includeInIndex = 0; path = UnitConverter.app; sourceTree = BUILT_PRODUCTS_DIR; };
		1E25CE6519352D62009089AC /* Foundation.framework */ = {isa = PBXFileReference; lastKnownFileType = wrapper.framework; name = Foundation.framework; path = System/Library/Frameworks/Foundation.framework; sourceTree = SDKROOT; };
		1E25CE6719352D62009089AC /* CoreGraphics.framework */ = {isa = PBXFileReference; lastKnownFileType = wrapper.framework; name = CoreGraphics.framework; path = System/Library/Frameworks/CoreGraphics.framework; sourceTree = SDKROOT; };
		1E25CE6919352D62009089AC /* UIKit.framework */ = {isa = PBXFileReference; lastKnownFileType = wrapper.framework; name = UIKit.framework; path = System/Library/Frameworks/UIKit.framework; sourceTree = SDKROOT; };
		1E25CE6D19352D62009089AC /* UnitConverter-Info.plist */ = {isa = PBXFileReference; lastKnownFileType = text.plist.xml; path = "UnitConverter-Info.plist"; sourceTree = "<group>"; };
		1E25CE6F19352D62009089AC /* en */ = {isa = PBXFileReference; lastKnownFileType = text.plist.strings; name = en; path = en.lproj/InfoPlist.strings; sourceTree = "<group>"; };
		1E25CE7119352D62009089AC /* main.m */ = {isa = PBXFileReference; lastKnownFileType = sourcecode.c.objc; path = main.m; sourceTree = "<group>"; };
		1E25CE7319352D62009089AC /* UnitConverter-Prefix.pch */ = {isa = PBXFileReference; lastKnownFileType = sourcecode.c.h; path = "UnitConverter-Prefix.pch"; sourceTree = "<group>"; };
		1E25CE7419352D62009089AC /* UCAppDelegate.h */ = {isa = PBXFileReference; lastKnownFileType = sourcecode.c.h; path = UCAppDelegate.h; sourceTree = "<group>"; };
		1E25CE7519352D62009089AC /* UCAppDelegate.m */ = {isa = PBXFileReference; lastKnownFileType = sourcecode.c.objc; path = UCAppDelegate.m; sourceTree = "<group>"; };
		1E25CE7819352D62009089AC /* Base */ = {isa = PBXFileReference; lastKnownFileType = file.storyboard; name = Base; path = Base.lproj/Main.storyboard; sourceTree = "<group>"; };
		1E25CE7A19352D62009089AC /* UCViewController.h */ = {isa = PBXFileReference; lastKnownFileType = sourcecode.c.h; path = UCViewController.h; sourceTree = "<group>"; };
		1E25CE7B19352D62009089AC /* UCViewController.m */ = {isa = PBXFileReference; lastKnownFileType = sourcecode.c.objc; path = UCViewController.m; sourceTree = "<group>"; };
		1E25CE7D19352D62009089AC /* Images.xcassets */ = {isa = PBXFileReference; lastKnownFileType = folder.assetcatalog; path = Images.xcassets; sourceTree = "<group>"; };
		1E25CE8319352D62009089AC /* UnitConverterTests.xctest */ = {isa = PBXFileReference; explicitFileType = wrapper.cfbundle; includeInIndex = 0; path = UnitConverterTests.xctest; sourceTree = BUILT_PRODUCTS_DIR; };
		1E25CE8419352D62009089AC /* XCTest.framework */ = {isa = PBXFileReference; lastKnownFileType = wrapper.framework; name = XCTest.framework; path = Library/Frameworks/XCTest.framework; sourceTree = DEVELOPER_DIR; };
		1E25CE8C19352D62009089AC /* UnitConverterTests-Info.plist */ = {isa = PBXFileReference; lastKnownFileType = text.plist.xml; path = "UnitConverterTests-Info.plist"; sourceTree = "<group>"; };
		1E25CE8E19352D62009089AC /* en */ = {isa = PBXFileReference; lastKnownFileType = text.plist.strings; name = en; path = en.lproj/InfoPlist.strings; sourceTree = "<group>"; };
		1E25CE9019352D62009089AC /* UnitConverterTests.m */ = {isa = PBXFileReference; lastKnownFileType = sourcecode.c.objc; path = UnitConverterTests.m; sourceTree = "<group>"; };
		1E25CE9A19353013009089AC /* btn_invert.png */ = {isa = PBXFileReference; lastKnownFileType = image.png; path = btn_invert.png; sourceTree = "<group>"; };
		1E25CE9B19353013009089AC /* btn_invert@2x.png */ = {isa = PBXFileReference; lastKnownFileType = image.png; path = "btn_invert@2x.png"; sourceTree = "<group>"; };
		1E25CE9C19353013009089AC /* btn.png */ = {isa = PBXFileReference; lastKnownFileType = image.png; path = btn.png; sourceTree = "<group>"; };
		1E25CE9D19353013009089AC /* btn@2x.png */ = {isa = PBXFileReference; lastKnownFileType = image.png; path = "btn@2x.png"; sourceTree = "<group>"; };
		1E25CEA319353239009089AC /* UnitViewController.h */ = {isa = PBXFileReference; fileEncoding = 4; lastKnownFileType = sourcecode.c.h; path = UnitViewController.h; sourceTree = "<group>"; };
		1E25CEA419353239009089AC /* UnitViewController.m */ = {isa = PBXFileReference; fileEncoding = 4; lastKnownFileType = sourcecode.c.objc; path = UnitViewController.m; sourceTree = "<group>"; };
		1E25CEA6193541FA009089AC /* ConversionViewController.h */ = {isa = PBXFileReference; fileEncoding = 4; lastKnownFileType = sourcecode.c.h; path = ConversionViewController.h; sourceTree = "<group>"; };
		1E25CEA7193541FA009089AC /* ConversionViewController.m */ = {isa = PBXFileReference; fileEncoding = 4; lastKnownFileType = sourcecode.c.objc; path = ConversionViewController.m; sourceTree = "<group>"; };
		1E25CEA919354C6F009089AC /* nejo_color.png */ = {isa = PBXFileReference; lastKnownFileType = image.png; path = nejo_color.png; sourceTree = "<group>"; };
		1E25CEAA19354C6F009089AC /* nejo_color@2x.png */ = {isa = PBXFileReference; lastKnownFileType = image.png; path = "nejo_color@2x.png"; sourceTree = "<group>"; };
		1E25CEAB19354C6F009089AC /* nejo.png */ = {isa = PBXFileReference; lastKnownFileType = image.png; path = nejo.png; sourceTree = "<group>"; };
		1E25CEAC19354C6F009089AC /* nejo@2x.png */ = {isa = PBXFileReference; lastKnownFileType = image.png; path = "nejo@2x.png"; sourceTree = "<group>"; };
		1E25CEB119354F7E009089AC /* iAd.framework */ = {isa = PBXFileReference; lastKnownFileType = wrapper.framework; name = iAd.framework; path = System/Library/Frameworks/iAd.framework; sourceTree = SDKROOT; };
		1E25CEB319355CA5009089AC /* back_hi.png */ = {isa = PBXFileReference; lastKnownFileType = image.png; path = back_hi.png; sourceTree = "<group>"; };
		1E25CEB419355CA5009089AC /* back_hi@2x.png */ = {isa = PBXFileReference; lastKnownFileType = image.png; path = "back_hi@2x.png"; sourceTree = "<group>"; };
		1E25CEB519355CA5009089AC /* back.png */ = {isa = PBXFileReference; lastKnownFileType = image.png; path = back.png; sourceTree = "<group>"; };
		1E25CEB619355CA5009089AC /* back@2x.png */ = {isa = PBXFileReference; lastKnownFileType = image.png; path = "back@2x.png"; sourceTree = "<group>"; };
		1E2DB09E19362CD90066E220 /* Calculator.h */ = {isa = PBXFileReference; fileEncoding = 4; lastKnownFileType = sourcecode.c.h; name = Calculator.h; path = ../Calculator.h; sourceTree = "<group>"; };
		1E2DB09F19362CD90066E220 /* Calculator.m */ = {isa = PBXFileReference; fileEncoding = 4; lastKnownFileType = sourcecode.c.objc; name = Calculator.m; path = ../Calculator.m; sourceTree = "<group>"; };
		1EA17395194746C50013E1D6 /* QuartzCore.framework */ = {isa = PBXFileReference; lastKnownFileType = wrapper.framework; name = QuartzCore.framework; path = System/Library/Frameworks/QuartzCore.framework; sourceTree = SDKROOT; };
		1EE2AD8419388AB600614448 /* arrow.png */ = {isa = PBXFileReference; lastKnownFileType = image.png; path = arrow.png; sourceTree = "<group>"; };
		1EE2AD871938938A00614448 /* Default@2x.png */ = {isa = PBXFileReference; lastKnownFileType = image.png; path = "Default@2x.png"; sourceTree = "<group>"; };
/* End PBXFileReference section */

/* Begin PBXFrameworksBuildPhase section */
		1E25CE5F19352D62009089AC /* Frameworks */ = {
			isa = PBXFrameworksBuildPhase;
			buildActionMask = 2147483647;
			files = (
				1EA17396194746C50013E1D6 /* QuartzCore.framework in Frameworks */,
				1E25CEB219354F7E009089AC /* iAd.framework in Frameworks */,
				1E25CE6819352D62009089AC /* CoreGraphics.framework in Frameworks */,
				1E25CE6A19352D62009089AC /* UIKit.framework in Frameworks */,
				1E25CE6619352D62009089AC /* Foundation.framework in Frameworks */,
			);
			runOnlyForDeploymentPostprocessing = 0;
		};
		1E25CE8019352D62009089AC /* Frameworks */ = {
			isa = PBXFrameworksBuildPhase;
			buildActionMask = 2147483647;
			files = (
				1E25CE8519352D62009089AC /* XCTest.framework in Frameworks */,
				1E25CE8719352D62009089AC /* UIKit.framework in Frameworks */,
				1E25CE8619352D62009089AC /* Foundation.framework in Frameworks */,
			);
			runOnlyForDeploymentPostprocessing = 0;
		};
/* End PBXFrameworksBuildPhase section */

/* Begin PBXGroup section */
		1E25CE5919352D62009089AC = {
			isa = PBXGroup;
			children = (
				1E25CE6B19352D62009089AC /* UnitConverter */,
				1E25CE8A19352D62009089AC /* UnitConverterTests */,
				1E25CE6419352D62009089AC /* Frameworks */,
				1E25CE6319352D62009089AC /* Products */,
			);
			sourceTree = "<group>";
		};
		1E25CE6319352D62009089AC /* Products */ = {
			isa = PBXGroup;
			children = (
				1E25CE6219352D62009089AC /* UnitConverter.app */,
				1E25CE8319352D62009089AC /* UnitConverterTests.xctest */,
			);
			name = Products;
			sourceTree = "<group>";
		};
		1E25CE6419352D62009089AC /* Frameworks */ = {
			isa = PBXGroup;
			children = (
				1EA17395194746C50013E1D6 /* QuartzCore.framework */,
				1E25CEB119354F7E009089AC /* iAd.framework */,
				1E25CE6519352D62009089AC /* Foundation.framework */,
				1E25CE6719352D62009089AC /* CoreGraphics.framework */,
				1E25CE6919352D62009089AC /* UIKit.framework */,
				1E25CE8419352D62009089AC /* XCTest.framework */,
			);
			name = Frameworks;
			sourceTree = "<group>";
		};
		1E25CE6B19352D62009089AC /* UnitConverter */ = {
			isa = PBXGroup;
			children = (
				1E25CEA219353015009089AC /* graphics */,
				1E2DB09E19362CD90066E220 /* Calculator.h */,
				1E2DB09F19362CD90066E220 /* Calculator.m */,
				1E25CE7419352D62009089AC /* UCAppDelegate.h */,
				1E25CE7519352D62009089AC /* UCAppDelegate.m */,
				1E25CE7719352D62009089AC /* Main.storyboard */,
				1E25CE7A19352D62009089AC /* UCViewController.h */,
				1E25CE7B19352D62009089AC /* UCViewController.m */,
				1E25CEA319353239009089AC /* UnitViewController.h */,
				1E25CEA419353239009089AC /* UnitViewController.m */,
				1E25CEA6193541FA009089AC /* ConversionViewController.h */,
				1E25CEA7193541FA009089AC /* ConversionViewController.m */,
				1E25CE7D19352D62009089AC /* Images.xcassets */,
				1E25CE6C19352D62009089AC /* Supporting Files */,
			);
			path = UnitConverter;
			sourceTree = "<group>";
		};
		1E25CE6C19352D62009089AC /* Supporting Files */ = {
			isa = PBXGroup;
			children = (
				1E25CE6D19352D62009089AC /* UnitConverter-Info.plist */,
				1E25CE6E19352D62009089AC /* InfoPlist.strings */,
				1E25CE7119352D62009089AC /* main.m */,
				1E25CE7319352D62009089AC /* UnitConverter-Prefix.pch */,
			);
			name = "Supporting Files";
			sourceTree = "<group>";
		};
		1E25CE8A19352D62009089AC /* UnitConverterTests */ = {
			isa = PBXGroup;
			children = (
				1E25CE9019352D62009089AC /* UnitConverterTests.m */,
				1E25CE8B19352D62009089AC /* Supporting Files */,
			);
			path = UnitConverterTests;
			sourceTree = "<group>";
		};
		1E25CE8B19352D62009089AC /* Supporting Files */ = {
			isa = PBXGroup;
			children = (
				1E25CE8C19352D62009089AC /* UnitConverterTests-Info.plist */,
				1E25CE8D19352D62009089AC /* InfoPlist.strings */,
			);
			name = "Supporting Files";
			sourceTree = "<group>";
		};
		1E25CEA219353015009089AC /* graphics */ = {
			isa = PBXGroup;
			children = (
				1E04151C193A77FA0036C426 /* Icon29@2x.png */,
				1E04151D193A77FA0036C426 /* Icon40@2x.png */,
				1E04151E193A77FA0036C426 /* Icon60@2x.png */,
				1EE2AD871938938A00614448 /* Default@2x.png */,
				1E04151A193A62B30036C426 /* Default-568h@2x.png */,
				1E25CEB319355CA5009089AC /* back_hi.png */,
				1EE2AD8419388AB600614448 /* arrow.png */,
				1E041524193A79E50036C426 /* arrow@2x.png */,
				1E25CEB419355CA5009089AC /* back_hi@2x.png */,
				1E25CEB519355CA5009089AC /* back.png */,
				1E25CEB619355CA5009089AC /* back@2x.png */,
				1E25CEA919354C6F009089AC /* nejo_color.png */,
				1E25CEAA19354C6F009089AC /* nejo_color@2x.png */,
				1E25CEAB19354C6F009089AC /* nejo.png */,
				1E25CEAC19354C6F009089AC /* nejo@2x.png */,
				1E25CE9A19353013009089AC /* btn_invert.png */,
				1E25CE9B19353013009089AC /* btn_invert@2x.png */,
				1E25CE9C19353013009089AC /* btn.png */,
				1E25CE9D19353013009089AC /* btn@2x.png */,
				1E04152A193A7AC60036C426 /* btn_gray.png */,
				1E04152B193A7AC60036C426 /* btn_gray@2x.png */,
			);
			name = graphics;
			sourceTree = "<group>";
		};
/* End PBXGroup section */

/* Begin PBXNativeTarget section */
		1E25CE6119352D62009089AC /* UnitConverter */ = {
			isa = PBXNativeTarget;
			buildConfigurationList = 1E25CE9419352D62009089AC /* Build configuration list for PBXNativeTarget "UnitConverter" */;
			buildPhases = (
				1E25CE5E19352D62009089AC /* Sources */,
				1E25CE5F19352D62009089AC /* Frameworks */,
				1E25CE6019352D62009089AC /* Resources */,
			);
			buildRules = (
			);
			dependencies = (
			);
			name = UnitConverter;
			productName = UnitConverter;
			productReference = 1E25CE6219352D62009089AC /* UnitConverter.app */;
			productType = "com.apple.product-type.application";
		};
		1E25CE8219352D62009089AC /* UnitConverterTests */ = {
			isa = PBXNativeTarget;
			buildConfigurationList = 1E25CE9719352D62009089AC /* Build configuration list for PBXNativeTarget "UnitConverterTests" */;
			buildPhases = (
				1E25CE7F19352D62009089AC /* Sources */,
				1E25CE8019352D62009089AC /* Frameworks */,
				1E25CE8119352D62009089AC /* Resources */,
			);
			buildRules = (
			);
			dependencies = (
				1E25CE8919352D62009089AC /* PBXTargetDependency */,
			);
			name = UnitConverterTests;
			productName = UnitConverterTests;
			productReference = 1E25CE8319352D62009089AC /* UnitConverterTests.xctest */;
			productType = "com.apple.product-type.bundle.unit-test";
		};
/* End PBXNativeTarget section */

/* Begin PBXProject section */
		1E25CE5A19352D62009089AC /* Project object */ = {
			isa = PBXProject;
			attributes = {
				CLASSPREFIX = UC;
				LastUpgradeCheck = 0510;
				TargetAttributes = {
					1E25CE6119352D62009089AC = {
						DevelopmentTeam = YZCBPC7LPP;
					};
					1E25CE8219352D62009089AC = {
						TestTargetID = 1E25CE6119352D62009089AC;
					};
				};
			};
			buildConfigurationList = 1E25CE5D19352D62009089AC /* Build configuration list for PBXProject "UnitConverter" */;
			compatibilityVersion = "Xcode 3.2";
			developmentRegion = English;
			hasScannedForEncodings = 0;
			knownRegions = (
				en,
				Base,
			);
			mainGroup = 1E25CE5919352D62009089AC;
			productRefGroup = 1E25CE6319352D62009089AC /* Products */;
			projectDirPath = "";
			projectRoot = "";
			targets = (
				1E25CE6119352D62009089AC /* UnitConverter */,
				1E25CE8219352D62009089AC /* UnitConverterTests */,
			);
		};
/* End PBXProject section */

/* Begin PBXResourcesBuildPhase section */
		1E25CE6019352D62009089AC /* Resources */ = {
			isa = PBXResourcesBuildPhase;
			buildActionMask = 2147483647;
			files = (
				1E04152C193A7AC60036C426 /* btn_gray.png in Resources */,
				1E25CEA019353013009089AC /* btn.png in Resources */,
				1E04152D193A7AC60036C426 /* btn_gray@2x.png in Resources */,
				1E25CEAF19354C6F009089AC /* nejo.png in Resources */,
				1E25CEBA19355CA5009089AC /* back@2x.png in Resources */,
				1E25CE9E19353013009089AC /* btn_invert.png in Resources */,
				1E25CE7E19352D62009089AC /* Images.xcassets in Resources */,
				1E25CEB919355CA5009089AC /* back.png in Resources */,
				1E25CEAD19354C6F009089AC /* nejo_color.png in Resources */,
				1E041521193A77FA0036C426 /* Icon60@2x.png in Resources */,
				1EE2AD8519388AB600614448 /* arrow.png in Resources */,
				1E25CE7019352D62009089AC /* InfoPlist.strings in Resources */,
				1E25CE7919352D62009089AC /* Main.storyboard in Resources */,
				1E25CEB819355CA5009089AC /* back_hi@2x.png in Resources */,
				1E04151B193A62B30036C426 /* Default-568h@2x.png in Resources */,
				1EE2AD891938938A00614448 /* Default@2x.png in Resources */,
				1E041525193A79E50036C426 /* arrow@2x.png in Resources */,
				1E25CEB719355CA5009089AC /* back_hi.png in Resources */,
				1E25CE9F19353013009089AC /* btn_invert@2x.png in Resources */,
				1E041520193A77FA0036C426 /* Icon40@2x.png in Resources */,
				1E25CEAE19354C6F009089AC /* nejo_color@2x.png in Resources */,
				1E04151F193A77FA0036C426 /* Icon29@2x.png in Resources */,
				1E25CEB019354C6F009089AC /* nejo@2x.png in Resources */,
				1E25CEA119353013009089AC /* btn@2x.png in Resources */,
			);
			runOnlyForDeploymentPostprocessing = 0;
		};
		1E25CE8119352D62009089AC /* Resources */ = {
			isa = PBXResourcesBuildPhase;
			buildActionMask = 2147483647;
			files = (
				1E25CE8F19352D62009089AC /* InfoPlist.strings in Resources */,
			);
			runOnlyForDeploymentPostprocessing = 0;
		};
/* End PBXResourcesBuildPhase section */

/* Begin PBXSourcesBuildPhase section */
		1E25CE5E19352D62009089AC /* Sources */ = {
			isa = PBXSourcesBuildPhase;
			buildActionMask = 2147483647;
			files = (
				1E25CE7619352D62009089AC /* UCAppDelegate.m in Sources */,
				1E25CE7219352D62009089AC /* main.m in Sources */,
				1E25CEA8193541FA009089AC /* ConversionViewController.m in Sources */,
				1E2DB0A019362CD90066E220 /* Calculator.m in Sources */,
				1E25CEA519353239009089AC /* UnitViewController.m in Sources */,
				1E25CE7C19352D62009089AC /* UCViewController.m in Sources */,
			);
			runOnlyForDeploymentPostprocessing = 0;
		};
		1E25CE7F19352D62009089AC /* Sources */ = {
			isa = PBXSourcesBuildPhase;
			buildActionMask = 2147483647;
			files = (
				1E25CE9119352D62009089AC /* UnitConverterTests.m in Sources */,
			);
			runOnlyForDeploymentPostprocessing = 0;
		};
/* End PBXSourcesBuildPhase section */

/* Begin PBXTargetDependency section */
		1E25CE8919352D62009089AC /* PBXTargetDependency */ = {
			isa = PBXTargetDependency;
			target = 1E25CE6119352D62009089AC /* UnitConverter */;
			targetProxy = 1E25CE8819352D62009089AC /* PBXContainerItemProxy */;
		};
/* End PBXTargetDependency section */

/* Begin PBXVariantGroup section */
		1E25CE6E19352D62009089AC /* InfoPlist.strings */ = {
			isa = PBXVariantGroup;
			children = (
				1E25CE6F19352D62009089AC /* en */,
			);
			name = InfoPlist.strings;
			sourceTree = "<group>";
		};
		1E25CE7719352D62009089AC /* Main.storyboard */ = {
			isa = PBXVariantGroup;
			children = (
				1E25CE7819352D62009089AC /* Base */,
			);
			name = Main.storyboard;
			sourceTree = "<group>";
		};
		1E25CE8D19352D62009089AC /* InfoPlist.strings */ = {
			isa = PBXVariantGroup;
			children = (
				1E25CE8E19352D62009089AC /* en */,
			);
			name = InfoPlist.strings;
			sourceTree = "<group>";
		};
/* End PBXVariantGroup section */

/* Begin XCBuildConfiguration section */
		1E25CE9219352D62009089AC /* Debug */ = {
			isa = XCBuildConfiguration;
			buildSettings = {
				ALWAYS_SEARCH_USER_PATHS = NO;
				CLANG_CXX_LANGUAGE_STANDARD = "gnu++0x";
				CLANG_CXX_LIBRARY = "libc++";
				CLANG_ENABLE_MODULES = YES;
				CLANG_ENABLE_OBJC_ARC = YES;
				CLANG_WARN_BOOL_CONVERSION = YES;
				CLANG_WARN_CONSTANT_CONVERSION = YES;
				CLANG_WARN_DIRECT_OBJC_ISA_USAGE = YES_ERROR;
				CLANG_WARN_EMPTY_BODY = YES;
				CLANG_WARN_ENUM_CONVERSION = YES;
				CLANG_WARN_INT_CONVERSION = YES;
				CLANG_WARN_OBJC_ROOT_CLASS = YES_ERROR;
				CLANG_WARN__DUPLICATE_METHOD_MATCH = YES;
				"CODE_SIGN_IDENTITY[sdk=iphoneos*]" = "iPhone Developer";
				COPY_PHASE_STRIP = NO;
				GCC_C_LANGUAGE_STANDARD = gnu99;
				GCC_DYNAMIC_NO_PIC = NO;
				GCC_OPTIMIZATION_LEVEL = 0;
				GCC_PREPROCESSOR_DEFINITIONS = (
					"DEBUG=1",
					"$(inherited)",
				);
				GCC_SYMBOLS_PRIVATE_EXTERN = NO;
				GCC_WARN_64_TO_32_BIT_CONVERSION = YES;
				GCC_WARN_ABOUT_RETURN_TYPE = YES_ERROR;
				GCC_WARN_UNDECLARED_SELECTOR = YES;
				GCC_WARN_UNINITIALIZED_AUTOS = YES_AGGRESSIVE;
				GCC_WARN_UNUSED_FUNCTION = YES;
				GCC_WARN_UNUSED_VARIABLE = YES;
				IPHONEOS_DEPLOYMENT_TARGET = 7.1;
				ONLY_ACTIVE_ARCH = YES;
				SDKROOT = iphoneos;
			};
			name = Debug;
		};
		1E25CE9319352D62009089AC /* Release */ = {
			isa = XCBuildConfiguration;
			buildSettings = {
				ALWAYS_SEARCH_USER_PATHS = NO;
				CLANG_CXX_LANGUAGE_STANDARD = "gnu++0x";
				CLANG_CXX_LIBRARY = "libc++";
				CLANG_ENABLE_MODULES = YES;
				CLANG_ENABLE_OBJC_ARC = YES;
				CLANG_WARN_BOOL_CONVERSION = YES;
				CLANG_WARN_CONSTANT_CONVERSION = YES;
				CLANG_WARN_DIRECT_OBJC_ISA_USAGE = YES_ERROR;
				CLANG_WARN_EMPTY_BODY = YES;
				CLANG_WARN_ENUM_CONVERSION = YES;
				CLANG_WARN_INT_CONVERSION = YES;
				CLANG_WARN_OBJC_ROOT_CLASS = YES_ERROR;
				CLANG_WARN__DUPLICATE_METHOD_MATCH = YES;
				"CODE_SIGN_IDENTITY[sdk=iphoneos*]" = "iPhone Developer";
				COPY_PHASE_STRIP = YES;
				ENABLE_NS_ASSERTIONS = NO;
				GCC_C_LANGUAGE_STANDARD = gnu99;
				GCC_WARN_64_TO_32_BIT_CONVERSION = YES;
				GCC_WARN_ABOUT_RETURN_TYPE = YES_ERROR;
				GCC_WARN_UNDECLARED_SELECTOR = YES;
				GCC_WARN_UNINITIALIZED_AUTOS = YES_AGGRESSIVE;
				GCC_WARN_UNUSED_FUNCTION = YES;
				GCC_WARN_UNUSED_VARIABLE = YES;
				IPHONEOS_DEPLOYMENT_TARGET = 7.1;
				SDKROOT = iphoneos;
				VALIDATE_PRODUCT = YES;
			};
			name = Release;
		};
		1E25CE9519352D62009089AC /* Debug */ = {
			isa = XCBuildConfiguration;
			buildSettings = {
				ASSETCATALOG_COMPILER_APPICON_NAME = AppIcon;
				ASSETCATALOG_COMPILER_LAUNCHIMAGE_NAME = LaunchImage;
				CODE_SIGN_IDENTITY = "iPhone Developer";
				"CODE_SIGN_IDENTITY[sdk=iphoneos*]" = "iPhone Developer";
				GCC_PRECOMPILE_PREFIX_HEADER = YES;
				GCC_PREFIX_HEADER = "UnitConverter/UnitConverter-Prefix.pch";
				INFOPLIST_FILE = "UnitConverter/UnitConverter-Info.plist";
				INSTALL_OWNER = "$(USER)";
				PRODUCT_NAME = "$(TARGET_NAME)";
				PROVISIONING_PROFILE = "";
				TARGETED_DEVICE_FAMILY = 1;
				WRAPPER_EXTENSION = app;
			};
			name = Debug;
		};
		1E25CE9619352D62009089AC /* Release */ = {
			isa = XCBuildConfiguration;
			buildSettings = {
				ASSETCATALOG_COMPILER_APPICON_NAME = AppIcon;
				ASSETCATALOG_COMPILER_LAUNCHIMAGE_NAME = LaunchImage;
				CODE_SIGN_IDENTITY = "iPhone Developer";
				"CODE_SIGN_IDENTITY[sdk=iphoneos*]" = "iPhone Developer";
				GCC_PRECOMPILE_PREFIX_HEADER = YES;
				GCC_PREFIX_HEADER = "UnitConverter/UnitConverter-Prefix.pch";
				INFOPLIST_FILE = "UnitConverter/UnitConverter-Info.plist";
				INSTALL_OWNER = "$(USER)";
				PRODUCT_NAME = "$(TARGET_NAME)";
				PROVISIONING_PROFILE = "";
				TARGETED_DEVICE_FAMILY = 1;
				WRAPPER_EXTENSION = app;
			};
			name = Release;
		};
		1E25CE9819352D62009089AC /* Debug */ = {
			isa = XCBuildConfiguration;
			buildSettings = {
				BUNDLE_LOADER = "$(BUILT_PRODUCTS_DIR)/UnitConverter.app/UnitConverter";
				FRAMEWORK_SEARCH_PATHS = (
					"$(SDKROOT)/Developer/Library/Frameworks",
					"$(inherited)",
					"$(DEVELOPER_FRAMEWORKS_DIR)",
				);
				GCC_PRECOMPILE_PREFIX_HEADER = YES;
				GCC_PREFIX_HEADER = "UnitConverter/UnitConverter-Prefix.pch";
				GCC_PREPROCESSOR_DEFINITIONS = (
					"DEBUG=1",
					"$(inherited)",
				);
				INFOPLIST_FILE = "UnitConverterTests/UnitConverterTests-Info.plist";
				PRODUCT_NAME = "$(TARGET_NAME)";
				TEST_HOST = "$(BUNDLE_LOADER)";
				WRAPPER_EXTENSION = xctest;
			};
			name = Debug;
		};
		1E25CE9919352D62009089AC /* Release */ = {
			isa = XCBuildConfiguration;
			buildSettings = {
				BUNDLE_LOADER = "$(BUILT_PRODUCTS_DIR)/UnitConverter.app/UnitConverter";
				FRAMEWORK_SEARCH_PATHS = (
					"$(SDKROOT)/Developer/Library/Frameworks",
					"$(inherited)",
					"$(DEVELOPER_FRAMEWORKS_DIR)",
				);
				GCC_PRECOMPILE_PREFIX_HEADER = YES;
				GCC_PREFIX_HEADER = "UnitConverter/UnitConverter-Prefix.pch";
				INFOPLIST_FILE = "UnitConverterTests/UnitConverterTests-Info.plist";
				PRODUCT_NAME = "$(TARGET_NAME)";
				TEST_HOST = "$(BUNDLE_LOADER)";
				WRAPPER_EXTENSION = xctest;
			};
			name = Release;
		};
/* End XCBuildConfiguration section */

/* Begin XCConfigurationList section */
		1E25CE5D19352D62009089AC /* Build configuration list for PBXProject "UnitConverter" */ = {
			isa = XCConfigurationList;
			buildConfigurations = (
				1E25CE9219352D62009089AC /* Debug */,
				1E25CE9319352D62009089AC /* Release */,
			);
			defaultConfigurationIsVisible = 0;
			defaultConfigurationName = Release;
		};
		1E25CE9419352D62009089AC /* Build configuration list for PBXNativeTarget "UnitConverter" */ = {
			isa = XCConfigurationList;
			buildConfigurations = (
				1E25CE9519352D62009089AC /* Debug */,
				1E25CE9619352D62009089AC /* Release */,
			);
			defaultConfigurationIsVisible = 0;
			defaultConfigurationName = Release;
		};
		1E25CE9719352D62009089AC /* Build configuration list for PBXNativeTarget "UnitConverterTests" */ = {
			isa = XCConfigurationList;
			buildConfigurations = (
				1E25CE9819352D62009089AC /* Debug */,
				1E25CE9919352D62009089AC /* Release */,
			);
			defaultConfigurationIsVisible = 0;
			defaultConfigurationName = Release;
		};
/* End XCConfigurationList section */
	};
	rootObject = 1E25CE5A19352D62009089AC /* Project object */;
}
